
Microsoft Visual Studio Solution File, Format Version 12.00
# Visual Studio Version 17
VisualStudioVersion = 17.9.34723.18
MinimumVisualStudioVersion = 10.0.40219.1
Project("{FAE04EC0-301F-11D3-BF4B-00C04F79EFBC}") = "Assignment-2", "Assignment-2.csproj", "{013BA1D7-F369-4E94-9707-829230BE06ED}"
EndProject
Global
	GlobalSection(SolutionConfigurationPlatforms) = preSolution
		Debug|Any CPU = Debug|Any CPU
		Release|Any CPU = Release|Any CPU
	EndGlobalSection
	GlobalSection(ProjectConfigurationPlatforms) = postSolution
		{013BA1D7-F369-4E94-9707-829230BE06ED}.Debug|Any CPU.ActiveCfg = Debug|Any CPU
		{013BA1D7-F369-4E94-9707-829230BE06ED}.Debug|Any CPU.Build.0 = Debug|Any CPU
		{013BA1D7-F369-4E94-9707-829230BE06ED}.Release|Any CPU.ActiveCfg = Release|Any CPU
		{013BA1D7-F369-4E94-9707-829230BE06ED}.Release|Any CPU.Build.0 = Release|Any CPU
	EndGlobalSection
	GlobalSection(SolutionProperties) = preSolution
		HideSolutionNode = FALSE
	EndGlobalSection
	GlobalSection(ExtensibilityGlobals) = postSolution
		SolutionGuid = {D188AAC3-5FBF-49D7-A5AD-64F0F6B5587C}
	EndGlobalSection
EndGlobal
